{
  "requires": true,
  "lockfileVersion": 1,
  "dependencies": {
    "babel": {
      "version": "6.23.0",
      "resolved": "http://registry.npm.taobao.org/babel/download/babel-6.23.0.tgz",
      "integrity": "sha1-0NHn2APpdHZb7qMjLU4VPA77kPQ="
    },
    "system": {
      "version": "2.0.1",
      "resolved": "http://registry.npm.taobao.org/system/download/system-2.0.1.tgz",
      "integrity": "sha1-0mqFE17n824FTn8O7ERn87Hdl0I="
    }
  }
}
